<Solution>
  <Folder Name="/Solution Items/">
    <File Path=".gitignore" />
  </Folder>
  <Project Path="Database/Database.csproj" />
  <Project Path="KSLT_Database/KSLT_Database.csproj" Id="36300111-0996-4f47-8a9d-ab5853f0ebd3" />
  <Project Path="Tuto_01.ConsoleApp1/Tuto_01.ConsoleApp1.csproj" />
  <Project Path="Tuto_02.WebApi/Tuto_02.WebApi.csproj" Id="fc082b1a-e68b-4533-bf5c-b252cf42c193" />
</Solution>
